
Microsoft Visual Studio Solution File, Format Version 12.00
# Visual Studio Version 16
VisualStudioVersion = 16.0.31005.135
MinimumVisualStudioVersion = 10.0.40219.1
Project("{FAE04EC0-301F-11D3-BF4B-00C04F79EFBC}") = "BehPatterns", "BehPatterns\BehPatterns.csproj", "{47413CDB-E49E-4B94-AC7A-4F01606828C7}"
EndProject
Global
	GlobalSection(SolutionConfigurationPlatforms) = preSolution
		Debug|Any CPU = Debug|Any CPU
		Release|Any CPU = Release|Any CPU
	EndGlobalSection
	GlobalSection(ProjectConfigurationPlatforms) = postSolution
		{47413CDB-E49E-4B94-AC7A-4F01606828C7}.Debug|Any CPU.ActiveCfg = Debug|Any CPU
		{47413CDB-E49E-4B94-AC7A-4F01606828C7}.Debug|Any CPU.Build.0 = Debug|Any CPU
		{47413CDB-E49E-4B94-AC7A-4F01606828C7}.Release|Any CPU.ActiveCfg = Release|Any CPU
		{47413CDB-E49E-4B94-AC7A-4F01606828C7}.Release|Any CPU.Build.0 = Release|Any CPU
	EndGlobalSection
	GlobalSection(SolutionProperties) = preSolution
		HideSolutionNode = FALSE
	EndGlobalSection
	GlobalSection(ExtensibilityGlobals) = postSolution
		SolutionGuid = {58C57199-618E-45C0-B0D4-D3B3E06CB927}
	EndGlobalSection
EndGlobal
